{
    "_meta": {
        "hash": {
            "sha256": "e3703d4860ffbac132cead9cde313f184a6c312f540f270f35a6d5ac859bfc45"
        },
        "pipfile-spec": 6,
        "requires": {
            "python_version": "3.9"
        },
        "sources": [
            {
                "name": "pypi",
                "url": "https://pypi.org/simple",
                "verify_ssl": true
            }
        ]
    },
    "default": {
        "boto3": {
            "hashes": [
                "sha256:01015b38017876d79efd7273f35d9a4adfba505237159621365bed21b9b65eca",
                "sha256:03bd8c93b226f07d944fd6b022e11a307bff94ab6a21d51675d7e3ea81ee8424"
            ],
            "index": "pypi",
            "markers": "python_version >= '3.8'",
            "version": "==1.37.0"
        },
        "botocore": {
            "hashes": [
                "sha256:b129d091a8360b4152ab65327186bf4e250de827c4a9b7ddf40a72b1acf1f3c1",
                "sha256:d01661f38c0edac87424344cdf4169f3ab9bc1bf1b677c8b230d025eb66c54a3"
            ],
            "markers": "python_version >= '3.8'",
            "version": "==1.37.0"
        },
        "jmespath": {
            "hashes": [
                "sha256:02e2e4cc71b5bcab88332eebf907519190dd9e6e82107fa7f83b1003a6252980",
                "sha256:90261b206d6defd58fdd5e85f478bf633a2901798906be2ad389150c5c60edbe"
            ],
            "markers": "python_version >= '3.7'",
            "version": "==1.0.1"
        },
        "python-dateutil": {
            "hashes": [
                "sha256:37dd54208da7e1cd875388217d5e00ebd4179249f90fb72437e91a35459a0ad3",
                "sha256:a8b2bc7bffae282281c8140a97d3aa9c14da0b136dfe83f850eea9a5f7470427"
            ],
            "markers": "python_version >= '2.7' and python_version not in '3.0, 3.1, 3.2'",
            "version": "==2.9.0.post0"
        },
        "s3transfer": {
            "hashes": [
                "sha256:3b39185cb72f5acc77db1a58b6e25b977f28d20496b6e58d6813d75f464d632f",
                "sha256:be6ecb39fadd986ef1701097771f87e4d2f821f27f6071c872143884d2950fbc"
            ],
            "markers": "python_version >= '3.8'",
            "version": "==0.11.2"
        },
        "six": {
            "hashes": [
                "sha256:4721f391ed90541fddacab5acf947aa0d3dc7d27b2e1e8eda2be8970586c3274",
                "sha256:ff70335d468e7eb6ec65b95b99d3a2836546063f63acc5171de367e834932a81"
            ],
            "markers": "python_version >= '2.7' and python_version not in '3.0, 3.1, 3.2'",
            "version": "==1.17.0"
        },
        "slack-bolt": {
            "hashes": [
                "sha256:349097136a586617e5fb71f40f58a30fa847f664c598577f67a01f99faa1a9eb",
                "sha256:b9c66d088fe3ec8bdd0494278eb500fe58092c2941de86d6822d00f4b3c7c88b"
            ],
            "index": "pypi",
            "markers": "python_version >= '3.6'",
            "version": "==1.22.0"
        },
        "slack-sdk": {
            "hashes": [
                "sha256:c61f57f310d85be83466db5a98ab6ae3bb2e5587437b54fa0daa8fae6a0feffa",
                "sha256:ff61db7012160eed742285ea91f11c72b7a38a6500a7f6c5335662b4bc6b853d"
            ],
            "markers": "python_version >= '3.6'",
            "version": "==3.34.0"
        },
        "urllib3": {
            "hashes": [
                "sha256:1cee9ad369867bfdbbb48b7dd50374c0967a0bb7710050facf0dd6911440e3df",
                "sha256:f8c5449b3cf0861679ce7e0503c7b44b5ec981bec0d1d3795a07f1ba96f0204d"
            ],
            "markers": "python_version >= '3.9'",
            "version": "==2.3.0"
        }
    },
    "develop": {}
}
